// !$*UTF8*$!
{
	archiveVersion = 1;
	classes = {
	};
	objectVersion = 56;
	objects = {

/* Begin PBXBuildFile section */
		2D611DCC2D5E21CB00DA0E2C /* recipes_appApp.swift in Sources */ = {isa = PBXBuildFile; fileRef = 2D611DCB2D5E21CB00DA0E2C /* recipes_appApp.swift */; };
		2D611DCE2D5E21CB00DA0E2C /* ContentView.swift in Sources */ = {isa = PBXBuildFile; fileRef = 2D611DCD2D5E21CB00DA0E2C /* ContentView.swift */; };
		2D611DD02D5E21CD00DA0E2C /* Assets.xcassets in Resources */ = {isa = PBXBuildFile; fileRef = 2D611DCF2D5E21CD00DA0E2C /* Assets.xcassets */; };
		2D611DD32D5E21CD00DA0E2C /* Preview Assets.xcassets in Resources */ = {isa = PBXBuildFile; fileRef = 2D611DD22D5E21CD00DA0E2C /* Preview Assets.xcassets */; };
		2D611DDD2D5E21CD00DA0E2C /* recipes_appTests.swift in Sources */ = {isa = PBXBuildFile; fileRef = 2D611DDC2D5E21CD00DA0E2C /* recipes_appTests.swift */; };
		2D611DE72D5E21CD00DA0E2C /* recipes_appUITests.swift in Sources */ = {isa = PBXBuildFile; fileRef = 2D611DE62D5E21CD00DA0E2C /* recipes_appUITests.swift */; };
		2D611DE92D5E21CD00DA0E2C /* recipes_appUITestsLaunchTests.swift in Sources */ = {isa = PBXBuildFile; fileRef = 2D611DE82D5E21CD00DA0E2C /* recipes_appUITestsLaunchTests.swift */; };
/* End PBXBuildFile section */

/* Begin PBXContainerItemProxy section */
		2D611DD92D5E21CD00DA0E2C /* PBXContainerItemProxy */ = {
			isa = PBXContainerItemProxy;
			containerPortal = 2D611DC02D5E21CB00DA0E2C /* Project object */;
			proxyType = 1;
			remoteGlobalIDString = 2D611DC72D5E21CB00DA0E2C;
			remoteInfo = "recipes-app";
		};
		2D611DE32D5E21CD00DA0E2C /* PBXContainerItemProxy */ = {
			isa = PBXContainerItemProxy;
			containerPortal = 2D611DC02D5E21CB00DA0E2C /* Project object */;
			proxyType = 1;
			remoteGlobalIDString = 2D611DC72D5E21CB00DA0E2C;
			remoteInfo = "recipes-app";
		};
/* End PBXContainerItemProxy section */

/* Begin PBXFileReference section */
		2D611DC82D5E21CB00DA0E2C /* recipes-app.app */ = {isa = PBXFileReference; explicitFileType = wrapper.application; includeInIndex = 0; path = "recipes-app.app"; sourceTree = BUILT_PRODUCTS_DIR; };
		2D611DCB2D5E21CB00DA0E2C /* recipes_appApp.swift */ = {isa = PBXFileReference; lastKnownFileType = sourcecode.swift; path = recipes_appApp.swift; sourceTree = "<group>"; };
		2D611DCD2D5E21CB00DA0E2C /* ContentView.swift */ = {isa = PBXFileReference; lastKnownFileType = sourcecode.swift; path = ContentView.swift; sourceTree = "<group>"; };
		2D611DCF2D5E21CD00DA0E2C /* Assets.xcassets */ = {isa = PBXFileReference; lastKnownFileType = folder.assetcatalog; path = Assets.xcassets; sourceTree = "<group>"; };
		2D611DD22D5E21CD00DA0E2C /* Preview Assets.xcassets */ = {isa = PBXFileReference; lastKnownFileType = folder.assetcatalog; path = "Preview Assets.xcassets"; sourceTree = "<group>"; };
		2D611DD82D5E21CD00DA0E2C /* recipes-appTests.xctest */ = {isa = PBXFileReference; explicitFileType = wrapper.cfbundle; includeInIndex = 0; path = "recipes-appTests.xctest"; sourceTree = BUILT_PRODUCTS_DIR; };
		2D611DDC2D5E21CD00DA0E2C /* recipes_appTests.swift */ = {isa = PBXFileReference; lastKnownFileType = sourcecode.swift; path = recipes_appTests.swift; sourceTree = "<group>"; };
		2D611DE22D5E21CD00DA0E2C /* recipes-appUITests.xctest */ = {isa = PBXFileReference; explicitFileType = wrapper.cfbundle; includeInIndex = 0; path = "recipes-appUITests.xctest"; sourceTree = BUILT_PRODUCTS_DIR; };
		2D611DE62D5E21CD00DA0E2C /* recipes_appUITests.swift */ = {isa = PBXFileReference; lastKnownFileType = sourcecode.swift; path = recipes_appUITests.swift; sourceTree = "<group>"; };
		2D611DE82D5E21CD00DA0E2C /* recipes_appUITestsLaunchTests.swift */ = {isa = PBXFileReference; lastKnownFileType = sourcecode.swift; path = recipes_appUITestsLaunchTests.swift; sourceTree = "<group>"; };
/* End PBXFileReference section */

/* Begin PBXFrameworksBuildPhase section */
		2D611DC52D5E21CB00DA0E2C /* Frameworks */ = {
			isa = PBXFrameworksBuildPhase;
			buildActionMask = 2147483647;
			files = (
			);
			runOnlyForDeploymentPostprocessing = 0;
		};
		2D611DD52D5E21CD00DA0E2C /* Frameworks */ = {
			isa = PBXFrameworksBuildPhase;
			buildActionMask = 2147483647;
			files = (
			);
			runOnlyForDeploymentPostprocessing = 0;
		};
		2D611DDF2D5E21CD00DA0E2C /* Frameworks */ = {
			isa = PBXFrameworksBuildPhase;
			buildActionMask = 2147483647;
			files = (
			);
			runOnlyForDeploymentPostprocessing = 0;
		};
/* End PBXFrameworksBuildPhase section */

/* Begin PBXGroup section */
		2D611DBF2D5E21CB00DA0E2C = {
			isa = PBXGroup;
			children = (
				2D611DCA2D5E21CB00DA0E2C /* recipes-app */,
				2D611DDB2D5E21CD00DA0E2C /* recipes-appTests */,
				2D611DE52D5E21CD00DA0E2C /* recipes-appUITests */,
				2D611DC92D5E21CB00DA0E2C /* Products */,
			);
			sourceTree = "<group>";
		};
		2D611DC92D5E21CB00DA0E2C /* Products */ = {
			isa = PBXGroup;
			children = (
				2D611DC82D5E21CB00DA0E2C /* recipes-app.app */,
				2D611DD82D5E21CD00DA0E2C /* recipes-appTests.xctest */,
				2D611DE22D5E21CD00DA0E2C /* recipes-appUITests.xctest */,
			);
			name = Products;
			sourceTree = "<group>";
		};
		2D611DCA2D5E21CB00DA0E2C /* recipes-app */ = {
			isa = PBXGroup;
			children = (
				2D611DCB2D5E21CB00DA0E2C /* recipes_appApp.swift */,
				2D611DCD2D5E21CB00DA0E2C /* ContentView.swift */,
				2D611DCF2D5E21CD00DA0E2C /* Assets.xcassets */,
				2D611DD12D5E21CD00DA0E2C /* Preview Content */,
			);
			path = "recipes-app";
			sourceTree = "<group>";
		};
		2D611DD12D5E21CD00DA0E2C /* Preview Content */ = {
			isa = PBXGroup;
			children = (
				2D611DD22D5E21CD00DA0E2C /* Preview Assets.xcassets */,
			);
			path = "Preview Content";
			sourceTree = "<group>";
		};
		2D611DDB2D5E21CD00DA0E2C /* recipes-appTests */ = {
			isa = PBXGroup;
			children = (
				2D611DDC2D5E21CD00DA0E2C /* recipes_appTests.swift */,
			);
			path = "recipes-appTests";
			sourceTree = "<group>";
		};
		2D611DE52D5E21CD00DA0E2C /* recipes-appUITests */ = {
			isa = PBXGroup;
			children = (
				2D611DE62D5E21CD00DA0E2C /* recipes_appUITests.swift */,
				2D611DE82D5E21CD00DA0E2C /* recipes_appUITestsLaunchTests.swift */,
			);
			path = "recipes-appUITests";
			sourceTree = "<group>";
		};
/* End PBXGroup section */

/* Begin PBXNativeTarget section */
		2D611DC72D5E21CB00DA0E2C /* recipes-app */ = {
			isa = PBXNativeTarget;
			buildConfigurationList = 2D611DEC2D5E21CD00DA0E2C /* Build configuration list for PBXNativeTarget "recipes-app" */;
			buildPhases = (
				2D611DC42D5E21CB00DA0E2C /* Sources */,
				2D611DC52D5E21CB00DA0E2C /* Frameworks */,
				2D611DC62D5E21CB00DA0E2C /* Resources */,
			);
			buildRules = (
			);
			dependencies = (
			);
			name = "recipes-app";
			productName = "recipes-app";
			productReference = 2D611DC82D5E21CB00DA0E2C /* recipes-app.app */;
			productType = "com.apple.product-type.application";
		};
		2D611DD72D5E21CD00DA0E2C /* recipes-appTests */ = {
			isa = PBXNativeTarget;
			buildConfigurationList = 2D611DEF2D5E21CD00DA0E2C /* Build configuration list for PBXNativeTarget "recipes-appTests" */;
			buildPhases = (
				2D611DD42D5E21CD00DA0E2C /* Sources */,
				2D611DD52D5E21CD00DA0E2C /* Frameworks */,
				2D611DD62D5E21CD00DA0E2C /* Resources */,
			);
			buildRules = (
			);
			dependencies = (
				2D611DDA2D5E21CD00DA0E2C /* PBXTargetDependency */,
			);
			name = "recipes-appTests";
			productName = "recipes-appTests";
			productReference = 2D611DD82D5E21CD00DA0E2C /* recipes-appTests.xctest */;
			productType = "com.apple.product-type.bundle.unit-test";
		};
		2D611DE12D5E21CD00DA0E2C /* recipes-appUITests */ = {
			isa = PBXNativeTarget;
			buildConfigurationList = 2D611DF22D5E21CD00DA0E2C /* Build configuration list for PBXNativeTarget "recipes-appUITests" */;
			buildPhases = (
				2D611DDE2D5E21CD00DA0E2C /* Sources */,
				2D611DDF2D5E21CD00DA0E2C /* Frameworks */,
				2D611DE02D5E21CD00DA0E2C /* Resources */,
			);
			buildRules = (
			);
			dependencies = (
				2D611DE42D5E21CD00DA0E2C /* PBXTargetDependency */,
			);
			name = "recipes-appUITests";
			productName = "recipes-appUITests";
			productReference = 2D611DE22D5E21CD00DA0E2C /* recipes-appUITests.xctest */;
			productType = "com.apple.product-type.bundle.ui-testing";
		};
/* End PBXNativeTarget section */

/* Begin PBXProject section */
		2D611DC02D5E21CB00DA0E2C /* Project object */ = {
			isa = PBXProject;
			attributes = {
				BuildIndependentTargetsInParallel = 1;
				LastSwiftUpdateCheck = 1520;
				LastUpgradeCheck = 1520;
				TargetAttributes = {
					2D611DC72D5E21CB00DA0E2C = {
						CreatedOnToolsVersion = 15.2;
					};
					2D611DD72D5E21CD00DA0E2C = {
						CreatedOnToolsVersion = 15.2;
						TestTargetID = 2D611DC72D5E21CB00DA0E2C;
					};
					2D611DE12D5E21CD00DA0E2C = {
						CreatedOnToolsVersion = 15.2;
						TestTargetID = 2D611DC72D5E21CB00DA0E2C;
					};
				};
			};
			buildConfigurationList = 2D611DC32D5E21CB00DA0E2C /* Build configuration list for PBXProject "recipes-app" */;
			compatibilityVersion = "Xcode 14.0";
			developmentRegion = en;
			hasScannedForEncodings = 0;
			knownRegions = (
				en,
				Base,
			);
			mainGroup = 2D611DBF2D5E21CB00DA0E2C;
			productRefGroup = 2D611DC92D5E21CB00DA0E2C /* Products */;
			projectDirPath = "";
			projectRoot = "";
			targets = (
				2D611DC72D5E21CB00DA0E2C /* recipes-app */,
				2D611DD72D5E21CD00DA0E2C /* recipes-appTests */,
				2D611DE12D5E21CD00DA0E2C /* recipes-appUITests */,
			);
		};
/* End PBXProject section */

/* Begin PBXResourcesBuildPhase section */
		2D611DC62D5E21CB00DA0E2C /* Resources */ = {
			isa = PBXResourcesBuildPhase;
			buildActionMask = 2147483647;
			files = (
				2D611DD32D5E21CD00DA0E2C /* Preview Assets.xcassets in Resources */,
				2D611DD02D5E21CD00DA0E2C /* Assets.xcassets in Resources */,
			);
			runOnlyForDeploymentPostprocessing = 0;
		};
		2D611DD62D5E21CD00DA0E2C /* Resources */ = {
			isa = PBXResourcesBuildPhase;
			buildActionMask = 2147483647;
			files = (
			);
			runOnlyForDeploymentPostprocessing = 0;
		};
		2D611DE02D5E21CD00DA0E2C /* Resources */ = {
			isa = PBXResourcesBuildPhase;
			buildActionMask = 2147483647;
			files = (
			);
			runOnlyForDeploymentPostprocessing = 0;
		};
/* End PBXResourcesBuildPhase section */

/* Begin PBXSourcesBuildPhase section */
		2D611DC42D5E21CB00DA0E2C /* Sources */ = {
			isa = PBXSourcesBuildPhase;
			buildActionMask = 2147483647;
			files = (
				2D611DCE2D5E21CB00DA0E2C /* ContentView.swift in Sources */,
				2D611DCC2D5E21CB00DA0E2C /* recipes_appApp.swift in Sources */,
			);
			runOnlyForDeploymentPostprocessing = 0;
		};
		2D611DD42D5E21CD00DA0E2C /* Sources */ = {
			isa = PBXSourcesBuildPhase;
			buildActionMask = 2147483647;
			files = (
				2D611DDD2D5E21CD00DA0E2C /* recipes_appTests.swift in Sources */,
			);
			runOnlyForDeploymentPostprocessing = 0;
		};
		2D611DDE2D5E21CD00DA0E2C /* Sources */ = {
			isa = PBXSourcesBuildPhase;
			buildActionMask = 2147483647;
			files = (
				2D611DE92D5E21CD00DA0E2C /* recipes_appUITestsLaunchTests.swift in Sources */,
				2D611DE72D5E21CD00DA0E2C /* recipes_appUITests.swift in Sources */,
			);
			runOnlyForDeploymentPostprocessing = 0;
		};
/* End PBXSourcesBuildPhase section */

/* Begin PBXTargetDependency section */
		2D611DDA2D5E21CD00DA0E2C /* PBXTargetDependency */ = {
			isa = PBXTargetDependency;
			target = 2D611DC72D5E21CB00DA0E2C /* recipes-app */;
			targetProxy = 2D611DD92D5E21CD00DA0E2C /* PBXContainerItemProxy */;
		};
		2D611DE42D5E21CD00DA0E2C /* PBXTargetDependency */ = {
			isa = PBXTargetDependency;
			target = 2D611DC72D5E21CB00DA0E2C /* recipes-app */;
			targetProxy = 2D611DE32D5E21CD00DA0E2C /* PBXContainerItemProxy */;
		};
/* End PBXTargetDependency section */

/* Begin XCBuildConfiguration section */
		2D611DEA2D5E21CD00DA0E2C /* Debug */ = {
			isa = XCBuildConfiguration;
			buildSettings = {
				ALWAYS_SEARCH_USER_PATHS = NO;
				ASSETCATALOG_COMPILER_GENERATE_SWIFT_ASSET_SYMBOL_EXTENSIONS = YES;
				CLANG_ANALYZER_NONNULL = YES;
				CLANG_ANALYZER_NUMBER_OBJECT_CONVERSION = YES_AGGRESSIVE;
				CLANG_CXX_LANGUAGE_STANDARD = "gnu++20";
				CLANG_ENABLE_MODULES = YES;
				CLANG_ENABLE_OBJC_ARC = YES;
				CLANG_ENABLE_OBJC_WEAK = YES;
				CLANG_WARN_BLOCK_CAPTURE_AUTORELEASING = YES;
				CLANG_WARN_BOOL_CONVERSION = YES;
				CLANG_WARN_COMMA = YES;
				CLANG_WARN_CONSTANT_CONVERSION = YES;
				CLANG_WARN_DEPRECATED_OBJC_IMPLEMENTATIONS = YES;
				CLANG_WARN_DIRECT_OBJC_ISA_USAGE = YES_ERROR;
				CLANG_WARN_DOCUMENTATION_COMMENTS = YES;
				CLANG_WARN_EMPTY_BODY = YES;
				CLANG_WARN_ENUM_CONVERSION = YES;
				CLANG_WARN_INFINITE_RECURSION = YES;
				CLANG_WARN_INT_CONVERSION = YES;
				CLANG_WARN_NON_LITERAL_NULL_CONVERSION = YES;
				CLANG_WARN_OBJC_IMPLICIT_RETAIN_SELF = YES;
				CLANG_WARN_OBJC_LITERAL_CONVERSION = YES;
				CLANG_WARN_OBJC_ROOT_CLASS = YES_ERROR;
				CLANG_WARN_QUOTED_INCLUDE_IN_FRAMEWORK_HEADER = YES;
				CLANG_WARN_RANGE_LOOP_ANALYSIS = YES;
				CLANG_WARN_STRICT_PROTOTYPES = YES;
				CLANG_WARN_SUSPICIOUS_MOVE = YES;
				CLANG_WARN_UNGUARDED_AVAILABILITY = YES_AGGRESSIVE;
				CLANG_WARN_UNREACHABLE_CODE = YES;
				CLANG_WARN__DUPLICATE_METHOD_MATCH = YES;
				COPY_PHASE_STRIP = NO;
				DEBUG_INFORMATION_FORMAT = dwarf;
				ENABLE_STRICT_OBJC_MSGSEND = YES;
				ENABLE_TESTABILITY = YES;
				ENABLE_USER_SCRIPT_SANDBOXING = YES;
				GCC_C_LANGUAGE_STANDARD = gnu17;
				GCC_DYNAMIC_NO_PIC = NO;
				GCC_NO_COMMON_BLOCKS = YES;
				GCC_OPTIMIZATION_LEVEL = 0;
				GCC_PREPROCESSOR_DEFINITIONS = (
					"DEBUG=1",
					"$(inherited)",
				);
				GCC_WARN_64_TO_32_BIT_CONVERSION = YES;
				GCC_WARN_ABOUT_RETURN_TYPE = YES_ERROR;
				GCC_WARN_UNDECLARED_SELECTOR = YES;
				GCC_WARN_UNINITIALIZED_AUTOS = YES_AGGRESSIVE;
				GCC_WARN_UNUSED_FUNCTION = YES;
				GCC_WARN_UNUSED_VARIABLE = YES;
				IPHONEOS_DEPLOYMENT_TARGET = 17.2;
				LOCALIZATION_PREFERS_STRING_CATALOGS = YES;
				MTL_ENABLE_DEBUG_INFO = INCLUDE_SOURCE;
				MTL_FAST_MATH = YES;
				ONLY_ACTIVE_ARCH = YES;
				SDKROOT = iphoneos;
				SWIFT_ACTIVE_COMPILATION_CONDITIONS = "DEBUG $(inherited)";
				SWIFT_OPTIMIZATION_LEVEL = "-Onone";
			};
			name = Debug;
		};
		2D611DEB2D5E21CD00DA0E2C /* Release */ = {
			isa = XCBuildConfiguration;
			buildSettings = {
				ALWAYS_SEARCH_USER_PATHS = NO;
				ASSETCATALOG_COMPILER_GENERATE_SWIFT_ASSET_SYMBOL_EXTENSIONS = YES;
				CLANG_ANALYZER_NONNULL = YES;
				CLANG_ANALYZER_NUMBER_OBJECT_CONVERSION = YES_AGGRESSIVE;
				CLANG_CXX_LANGUAGE_STANDARD = "gnu++20";
				CLANG_ENABLE_MODULES = YES;
				CLANG_ENABLE_OBJC_ARC = YES;
				CLANG_ENABLE_OBJC_WEAK = YES;
				CLANG_WARN_BLOCK_CAPTURE_AUTORELEASING = YES;
				CLANG_WARN_BOOL_CONVERSION = YES;
				CLANG_WARN_COMMA = YES;
				CLANG_WARN_CONSTANT_CONVERSION = YES;
				CLANG_WARN_DEPRECATED_OBJC_IMPLEMENTATIONS = YES;
				CLANG_WARN_DIRECT_OBJC_ISA_USAGE = YES_ERROR;
				CLANG_WARN_DOCUMENTATION_COMMENTS = YES;
				CLANG_WARN_EMPTY_BODY = YES;
				CLANG_WARN_ENUM_CONVERSION = YES;
				CLANG_WARN_INFINITE_RECURSION = YES;
				CLANG_WARN_INT_CONVERSION = YES;
				CLANG_WARN_NON_LITERAL_NULL_CONVERSION = YES;
				CLANG_WARN_OBJC_IMPLICIT_RETAIN_SELF = YES;
				CLANG_WARN_OBJC_LITERAL_CONVERSION = YES;
				CLANG_WARN_OBJC_ROOT_CLASS = YES_ERROR;
				CLANG_WARN_QUOTED_INCLUDE_IN_FRAMEWORK_HEADER = YES;
				CLANG_WARN_RANGE_LOOP_ANALYSIS = YES;
				CLANG_WARN_STRICT_PROTOTYPES = YES;
				CLANG_WARN_SUSPICIOUS_MOVE = YES;
				CLANG_WARN_UNGUARDED_AVAILABILITY = YES_AGGRESSIVE;
				CLANG_WARN_UNREACHABLE_CODE = YES;
				CLANG_WARN__DUPLICATE_METHOD_MATCH = YES;
				COPY_PHASE_STRIP = NO;
				DEBUG_INFORMATION_FORMAT = "dwarf-with-dsym";
				ENABLE_NS_ASSERTIONS = NO;
				ENABLE_STRICT_OBJC_MSGSEND = YES;
				ENABLE_USER_SCRIPT_SANDBOXING = YES;
				GCC_C_LANGUAGE_STANDARD = gnu17;
				GCC_NO_COMMON_BLOCKS = YES;
				GCC_WARN_64_TO_32_BIT_CONVERSION = YES;
				GCC_WARN_ABOUT_RETURN_TYPE = YES_ERROR;
				GCC_WARN_UNDECLARED_SELECTOR = YES;
				GCC_WARN_UNINITIALIZED_AUTOS = YES_AGGRESSIVE;
				GCC_WARN_UNUSED_FUNCTION = YES;
				GCC_WARN_UNUSED_VARIABLE = YES;
				IPHONEOS_DEPLOYMENT_TARGET = 17.2;
				LOCALIZATION_PREFERS_STRING_CATALOGS = YES;
				MTL_ENABLE_DEBUG_INFO = NO;
				MTL_FAST_MATH = YES;
				SDKROOT = iphoneos;
				SWIFT_COMPILATION_MODE = wholemodule;
				VALIDATE_PRODUCT = YES;
			};
			name = Release;
		};
		2D611DED2D5E21CD00DA0E2C /* Debug */ = {
			isa = XCBuildConfiguration;
			buildSettings = {
				ASSETCATALOG_COMPILER_APPICON_NAME = AppIcon;
				ASSETCATALOG_COMPILER_GLOBAL_ACCENT_COLOR_NAME = AccentColor;
				CODE_SIGN_STYLE = Automatic;
				CURRENT_PROJECT_VERSION = 1;
				DEVELOPMENT_ASSET_PATHS = "\"recipes-app/Preview Content\"";
				DEVELOPMENT_TEAM = G92758464M;
				ENABLE_PREVIEWS = YES;
				GENERATE_INFOPLIST_FILE = YES;
				INFOPLIST_KEY_UIApplicationSceneManifest_Generation = YES;
				INFOPLIST_KEY_UIApplicationSupportsIndirectInputEvents = YES;
				INFOPLIST_KEY_UILaunchScreen_Generation = YES;
				INFOPLIST_KEY_UISupportedInterfaceOrientations_iPad = "UIInterfaceOrientationPortrait UIInterfaceOrientationPortraitUpsideDown UIInterfaceOrientationLandscapeLeft UIInterfaceOrientationLandscapeRight";
				INFOPLIST_KEY_UISupportedInterfaceOrientations_iPhone = "UIInterfaceOrientationPortrait UIInterfaceOrientationLandscapeLeft UIInterfaceOrientationLandscapeRight";
				LD_RUNPATH_SEARCH_PATHS = (
					"$(inherited)",
					"@executable_path/Frameworks",
				);
				MARKETING_VERSION = 1.0;
				PRODUCT_BUNDLE_IDENTIFIER = "memo.com.recipes-app";
				PRODUCT_NAME = "$(TARGET_NAME)";
				SWIFT_EMIT_LOC_STRINGS = YES;
				SWIFT_VERSION = 5.0;
				TARGETED_DEVICE_FAMILY = "1,2";
			};
			name = Debug;
		};
		2D611DEE2D5E21CD00DA0E2C /* Release */ = {
			isa = XCBuildConfiguration;
			buildSettings = {
				ASSETCATALOG_COMPILER_APPICON_NAME = AppIcon;
				ASSETCATALOG_COMPILER_GLOBAL_ACCENT_COLOR_NAME = AccentColor;
				CODE_SIGN_STYLE = Automatic;
				CURRENT_PROJECT_VERSION = 1;
				DEVELOPMENT_ASSET_PATHS = "\"recipes-app/Preview Content\"";
				DEVELOPMENT_TEAM = G92758464M;
				ENABLE_PREVIEWS = YES;
				GENERATE_INFOPLIST_FILE = YES;
				INFOPLIST_KEY_UIApplicationSceneManifest_Generation = YES;
				INFOPLIST_KEY_UIApplicationSupportsIndirectInputEvents = YES;
				INFOPLIST_KEY_UILaunchScreen_Generation = YES;
				INFOPLIST_KEY_UISupportedInterfaceOrientations_iPad = "UIInterfaceOrientationPortrait UIInterfaceOrientationPortraitUpsideDown UIInterfaceOrientationLandscapeLeft UIInterfaceOrientationLandscapeRight";
				INFOPLIST_KEY_UISupportedInterfaceOrientations_iPhone = "UIInterfaceOrientationPortrait UIInterfaceOrientationLandscapeLeft UIInterfaceOrientationLandscapeRight";
				LD_RUNPATH_SEARCH_PATHS = (
					"$(inherited)",
					"@executable_path/Frameworks",
				);
				MARKETING_VERSION = 1.0;
				PRODUCT_BUNDLE_IDENTIFIER = "memo.com.recipes-app";
				PRODUCT_NAME = "$(TARGET_NAME)";
				SWIFT_EMIT_LOC_STRINGS = YES;
				SWIFT_VERSION = 5.0;
				TARGETED_DEVICE_FAMILY = "1,2";
			};
			name = Release;
		};
		2D611DF02D5E21CD00DA0E2C /* Debug */ = {
			isa = XCBuildConfiguration;
			buildSettings = {
				ALWAYS_EMBED_SWIFT_STANDARD_LIBRARIES = YES;
				BUNDLE_LOADER = "$(TEST_HOST)";
				CODE_SIGN_STYLE = Automatic;
				CURRENT_PROJECT_VERSION = 1;
				DEVELOPMENT_TEAM = G92758464M;
				GENERATE_INFOPLIST_FILE = YES;
				IPHONEOS_DEPLOYMENT_TARGET = 17.2;
				MARKETING_VERSION = 1.0;
				PRODUCT_BUNDLE_IDENTIFIER = "memo.com.recipes-appTests";
				PRODUCT_NAME = "$(TARGET_NAME)";
				SWIFT_EMIT_LOC_STRINGS = NO;
				SWIFT_VERSION = 5.0;
				TARGETED_DEVICE_FAMILY = "1,2";
				TEST_HOST = "$(BUILT_PRODUCTS_DIR)/recipes-app.app/$(BUNDLE_EXECUTABLE_FOLDER_PATH)/recipes-app";
			};
			name = Debug;
		};
		2D611DF12D5E21CD00DA0E2C /* Release */ = {
			isa = XCBuildConfiguration;
			buildSettings = {
				ALWAYS_EMBED_SWIFT_STANDARD_LIBRARIES = YES;
				BUNDLE_LOADER = "$(TEST_HOST)";
				CODE_SIGN_STYLE = Automatic;
				CURRENT_PROJECT_VERSION = 1;
				DEVELOPMENT_TEAM = G92758464M;
				GENERATE_INFOPLIST_FILE = YES;
				IPHONEOS_DEPLOYMENT_TARGET = 17.2;
				MARKETING_VERSION = 1.0;
				PRODUCT_BUNDLE_IDENTIFIER = "memo.com.recipes-appTests";
				PRODUCT_NAME = "$(TARGET_NAME)";
				SWIFT_EMIT_LOC_STRINGS = NO;
				SWIFT_VERSION = 5.0;
				TARGETED_DEVICE_FAMILY = "1,2";
				TEST_HOST = "$(BUILT_PRODUCTS_DIR)/recipes-app.app/$(BUNDLE_EXECUTABLE_FOLDER_PATH)/recipes-app";
			};
			name = Release;
		};
		2D611DF32D5E21CD00DA0E2C /* Debug */ = {
			isa = XCBuildConfiguration;
			buildSettings = {
				ALWAYS_EMBED_SWIFT_STANDARD_LIBRARIES = YES;
				CODE_SIGN_STYLE = Automatic;
				CURRENT_PROJECT_VERSION = 1;
				DEVELOPMENT_TEAM = G92758464M;
				GENERATE_INFOPLIST_FILE = YES;
				MARKETING_VERSION = 1.0;
				PRODUCT_BUNDLE_IDENTIFIER = "memo.com.recipes-appUITests";
				PRODUCT_NAME = "$(TARGET_NAME)";
				SWIFT_EMIT_LOC_STRINGS = NO;
				SWIFT_VERSION = 5.0;
				TARGETED_DEVICE_FAMILY = "1,2";
				TEST_TARGET_NAME = "recipes-app";
			};
			name = Debug;
		};
		2D611DF42D5E21CD00DA0E2C /* Release */ = {
			isa = XCBuildConfiguration;
			buildSettings = {
				ALWAYS_EMBED_SWIFT_STANDARD_LIBRARIES = YES;
				CODE_SIGN_STYLE = Automatic;
				CURRENT_PROJECT_VERSION = 1;
				DEVELOPMENT_TEAM = G92758464M;
				GENERATE_INFOPLIST_FILE = YES;
				MARKETING_VERSION = 1.0;
				PRODUCT_BUNDLE_IDENTIFIER = "memo.com.recipes-appUITests";
				PRODUCT_NAME = "$(TARGET_NAME)";
				SWIFT_EMIT_LOC_STRINGS = NO;
				SWIFT_VERSION = 5.0;
				TARGETED_DEVICE_FAMILY = "1,2";
				TEST_TARGET_NAME = "recipes-app";
			};
			name = Release;
		};
/* End XCBuildConfiguration section */

/* Begin XCConfigurationList section */
		2D611DC32D5E21CB00DA0E2C /* Build configuration list for PBXProject "recipes-app" */ = {
			isa = XCConfigurationList;
			buildConfigurations = (
				2D611DEA2D5E21CD00DA0E2C /* Debug */,
				2D611DEB2D5E21CD00DA0E2C /* Release */,
			);
			defaultConfigurationIsVisible = 0;
			defaultConfigurationName = Release;
		};
		2D611DEC2D5E21CD00DA0E2C /* Build configuration list for PBXNativeTarget "recipes-app" */ = {
			isa = XCConfigurationList;
			buildConfigurations = (
				2D611DED2D5E21CD00DA0E2C /* Debug */,
				2D611DEE2D5E21CD00DA0E2C /* Release */,
			);
			defaultConfigurationIsVisible = 0;
			defaultConfigurationName = Release;
		};
		2D611DEF2D5E21CD00DA0E2C /* Build configuration list for PBXNativeTarget "recipes-appTests" */ = {
			isa = XCConfigurationList;
			buildConfigurations = (
				2D611DF02D5E21CD00DA0E2C /* Debug */,
				2D611DF12D5E21CD00DA0E2C /* Release */,
			);
			defaultConfigurationIsVisible = 0;
			defaultConfigurationName = Release;
		};
		2D611DF22D5E21CD00DA0E2C /* Build configuration list for PBXNativeTarget "recipes-appUITests" */ = {
			isa = XCConfigurationList;
			buildConfigurations = (
				2D611DF32D5E21CD00DA0E2C /* Debug */,
				2D611DF42D5E21CD00DA0E2C /* Release */,
			);
			defaultConfigurationIsVisible = 0;
			defaultConfigurationName = Release;
		};
/* End XCConfigurationList section */
	};
	rootObject = 2D611DC02D5E21CB00DA0E2C /* Project object */;
}
